PODS:
  - CPFCNPJTools (1.0.0)
  - CPFCNPJTools/Tests (1.0.0)

DEPENDENCIES:
  - CPFCNPJTools (from `./CPFCNPJTools.podspec`)
  - CPFCNPJTools/Tests (from `./CPFCNPJTools.podspec`)

EXTERNAL SOURCES:
  CPFCNPJTools:
    :path: "./CPFCNPJTools.podspec"

SPEC CHECKSUMS:
  CPFCNPJTools: e844b29efe9ea9c49bbfe07a215baa9b08586162

PODFILE CHECKSUM: 03d806a4502c6689106ae4b2f2510636bd13ce62

COCOAPODS: 1.16.2
